
Microsoft Visual Studio Solution File, Format Version 12.00
# Visual Studio Version 16
VisualStudioVersion = 16.0.29728.190
MinimumVisualStudioVersion = 10.0.40219.1
Project("{9A19103F-16F7-4668-BE54-9A1E7A4F7556}") = "Class_Student_Unittest", "Class_Student_Unittest\Class_Student_Unittest.csproj", "{C3E8AD33-313E-4105-A24E-D281F0026F85}"
EndProject
Project("{9A19103F-16F7-4668-BE54-9A1E7A4F7556}") = "Class_Student_UnittestTests", "Class_Student_UnittestTests\Class_Student_UnittestTests.csproj", "{5A5EC9A1-354D-4300-8CCB-3E2866DC8C78}"
EndProject
Global
	GlobalSection(SolutionConfigurationPlatforms) = preSolution
		Debug|Any CPU = Debug|Any CPU
		Release|Any CPU = Release|Any CPU
	EndGlobalSection
	GlobalSection(ProjectConfigurationPlatforms) = postSolution
		{C3E8AD33-313E-4105-A24E-D281F0026F85}.Debug|Any CPU.ActiveCfg = Debug|Any CPU
		{C3E8AD33-313E-4105-A24E-D281F0026F85}.Debug|Any CPU.Build.0 = Debug|Any CPU
		{C3E8AD33-313E-4105-A24E-D281F0026F85}.Release|Any CPU.ActiveCfg = Release|Any CPU
		{C3E8AD33-313E-4105-A24E-D281F0026F85}.Release|Any CPU.Build.0 = Release|Any CPU
		{5A5EC9A1-354D-4300-8CCB-3E2866DC8C78}.Debug|Any CPU.ActiveCfg = Debug|Any CPU
		{5A5EC9A1-354D-4300-8CCB-3E2866DC8C78}.Debug|Any CPU.Build.0 = Debug|Any CPU
		{5A5EC9A1-354D-4300-8CCB-3E2866DC8C78}.Release|Any CPU.ActiveCfg = Release|Any CPU
		{5A5EC9A1-354D-4300-8CCB-3E2866DC8C78}.Release|Any CPU.Build.0 = Release|Any CPU
	EndGlobalSection
	GlobalSection(SolutionProperties) = preSolution
		HideSolutionNode = FALSE
	EndGlobalSection
	GlobalSection(ExtensibilityGlobals) = postSolution
		SolutionGuid = {2F875536-5DA9-48B9-A21A-3E0ED331C6D7}
	EndGlobalSection
EndGlobal
